// !$*UTF8*$!
{
	archiveVersion = 1;
	classes = {
	};
	objectVersion = 56;
	objects = {

/* Begin PBXBuildFile section */
		316D0DE82B773E48004B280C /* Activity.swift in Sources */ = {isa = PBXBuildFile; fileRef = 316D0DE72B773E47004B280C /* Activity.swift */; };
		316D0DEA2B773E52004B280C /* DataManager.swift in Sources */ = {isa = PBXBuildFile; fileRef = 316D0DE92B773E52004B280C /* DataManager.swift */; };
		316D0DEC2B773E70004B280C /* City.swift in Sources */ = {isa = PBXBuildFile; fileRef = 316D0DEB2B773E70004B280C /* City.swift */; };
		316D0DEE2B77407E004B280C /* ActivityList.swift in Sources */ = {isa = PBXBuildFile; fileRef = 316D0DED2B77407E004B280C /* ActivityList.swift */; };
		500A7CBE2B7D3A0900131DDD /* TicketPurchaseForm.swift in Sources */ = {isa = PBXBuildFile; fileRef = 500A7CBD2B7D3A0900131DDD /* TicketPurchaseForm.swift */; };
		500A7CD02B7D974700131DDD /* RatingView.swift in Sources */ = {isa = PBXBuildFile; fileRef = 500A7CCF2B7D974700131DDD /* RatingView.swift */; };
		500F3CFC2B7588A300EA6EF1 /* ExploreCityApp.swift in Sources */ = {isa = PBXBuildFile; fileRef = 500F3CFB2B7588A300EA6EF1 /* ExploreCityApp.swift */; };
		500F3CFE2B7588A300EA6EF1 /* ContentView.swift in Sources */ = {isa = PBXBuildFile; fileRef = 500F3CFD2B7588A300EA6EF1 /* ContentView.swift */; };
		500F3D002B7588A400EA6EF1 /* Assets.xcassets in Resources */ = {isa = PBXBuildFile; fileRef = 500F3CFF2B7588A400EA6EF1 /* Assets.xcassets */; };
		500F3D032B7588A400EA6EF1 /* Preview Assets.xcassets in Resources */ = {isa = PBXBuildFile; fileRef = 500F3D022B7588A400EA6EF1 /* Preview Assets.xcassets */; };
		500F3D0D2B7588A400EA6EF1 /* ExploreCityTests.swift in Sources */ = {isa = PBXBuildFile; fileRef = 500F3D0C2B7588A400EA6EF1 /* ExploreCityTests.swift */; };
		500F3D172B7588A400EA6EF1 /* ExploreCityUITests.swift in Sources */ = {isa = PBXBuildFile; fileRef = 500F3D162B7588A400EA6EF1 /* ExploreCityUITests.swift */; };
		500F3D192B7588A400EA6EF1 /* ExploreCityUITestsLaunchTests.swift in Sources */ = {isa = PBXBuildFile; fileRef = 500F3D182B7588A400EA6EF1 /* ExploreCityUITestsLaunchTests.swift */; };
		500F3D262B758BDD00EA6EF1 /* HomeScreen.swift in Sources */ = {isa = PBXBuildFile; fileRef = 500F3D252B758BDD00EA6EF1 /* HomeScreen.swift */; };
		500F3D2A2B758C5D00EA6EF1 /* ActivityDetailsScreen.swift in Sources */ = {isa = PBXBuildFile; fileRef = 500F3D292B758C5D00EA6EF1 /* ActivityDetailsScreen.swift */; };
		505A2AF62B7DC16D00DBF7E6 /* ActivityListTile.swift in Sources */ = {isa = PBXBuildFile; fileRef = 505A2AF52B7DC16D00DBF7E6 /* ActivityListTile.swift */; };
/* End PBXBuildFile section */

/* Begin PBXContainerItemProxy section */
		500F3D092B7588A400EA6EF1 /* PBXContainerItemProxy */ = {
			isa = PBXContainerItemProxy;
			containerPortal = 500F3CF02B7588A300EA6EF1 /* Project object */;
			proxyType = 1;
			remoteGlobalIDString = 500F3CF72B7588A300EA6EF1;
			remoteInfo = ExploreCity;
		};
		500F3D132B7588A400EA6EF1 /* PBXContainerItemProxy */ = {
			isa = PBXContainerItemProxy;
			containerPortal = 500F3CF02B7588A300EA6EF1 /* Project object */;
			proxyType = 1;
			remoteGlobalIDString = 500F3CF72B7588A300EA6EF1;
			remoteInfo = ExploreCity;
		};
/* End PBXContainerItemProxy section */

/* Begin PBXFileReference section */
		316D0DE72B773E47004B280C /* Activity.swift */ = {isa = PBXFileReference; lastKnownFileType = sourcecode.swift; path = Activity.swift; sourceTree = "<group>"; };
		316D0DE92B773E52004B280C /* DataManager.swift */ = {isa = PBXFileReference; lastKnownFileType = sourcecode.swift; path = DataManager.swift; sourceTree = "<group>"; };
		316D0DEB2B773E70004B280C /* City.swift */ = {isa = PBXFileReference; lastKnownFileType = sourcecode.swift; path = City.swift; sourceTree = "<group>"; };
		316D0DED2B77407E004B280C /* ActivityList.swift */ = {isa = PBXFileReference; lastKnownFileType = sourcecode.swift; path = ActivityList.swift; sourceTree = "<group>"; };
		500A7CBD2B7D3A0900131DDD /* TicketPurchaseForm.swift */ = {isa = PBXFileReference; lastKnownFileType = sourcecode.swift; path = TicketPurchaseForm.swift; sourceTree = "<group>"; };
		500A7CCF2B7D974700131DDD /* RatingView.swift */ = {isa = PBXFileReference; lastKnownFileType = sourcecode.swift; path = RatingView.swift; sourceTree = "<group>"; };
		500F3CF82B7588A300EA6EF1 /* ExploreCity.app */ = {isa = PBXFileReference; explicitFileType = wrapper.application; includeInIndex = 0; path = ExploreCity.app; sourceTree = BUILT_PRODUCTS_DIR; };
		500F3CFB2B7588A300EA6EF1 /* ExploreCityApp.swift */ = {isa = PBXFileReference; lastKnownFileType = sourcecode.swift; path = ExploreCityApp.swift; sourceTree = "<group>"; };
		500F3CFD2B7588A300EA6EF1 /* ContentView.swift */ = {isa = PBXFileReference; lastKnownFileType = sourcecode.swift; path = ContentView.swift; sourceTree = "<group>"; };
		500F3CFF2B7588A400EA6EF1 /* Assets.xcassets */ = {isa = PBXFileReference; lastKnownFileType = folder.assetcatalog; path = Assets.xcassets; sourceTree = "<group>"; };
		500F3D022B7588A400EA6EF1 /* Preview Assets.xcassets */ = {isa = PBXFileReference; lastKnownFileType = folder.assetcatalog; path = "Preview Assets.xcassets"; sourceTree = "<group>"; };
		500F3D082B7588A400EA6EF1 /* ExploreCityTests.xctest */ = {isa = PBXFileReference; explicitFileType = wrapper.cfbundle; includeInIndex = 0; path = ExploreCityTests.xctest; sourceTree = BUILT_PRODUCTS_DIR; };
		500F3D0C2B7588A400EA6EF1 /* ExploreCityTests.swift */ = {isa = PBXFileReference; lastKnownFileType = sourcecode.swift; path = ExploreCityTests.swift; sourceTree = "<group>"; };
		500F3D122B7588A400EA6EF1 /* ExploreCityUITests.xctest */ = {isa = PBXFileReference; explicitFileType = wrapper.cfbundle; includeInIndex = 0; path = ExploreCityUITests.xctest; sourceTree = BUILT_PRODUCTS_DIR; };
		500F3D162B7588A400EA6EF1 /* ExploreCityUITests.swift */ = {isa = PBXFileReference; lastKnownFileType = sourcecode.swift; path = ExploreCityUITests.swift; sourceTree = "<group>"; };
		500F3D182B7588A400EA6EF1 /* ExploreCityUITestsLaunchTests.swift */ = {isa = PBXFileReference; lastKnownFileType = sourcecode.swift; path = ExploreCityUITestsLaunchTests.swift; sourceTree = "<group>"; };
		500F3D252B758BDD00EA6EF1 /* HomeScreen.swift */ = {isa = PBXFileReference; lastKnownFileType = sourcecode.swift; path = HomeScreen.swift; sourceTree = "<group>"; };
		500F3D292B758C5D00EA6EF1 /* ActivityDetailsScreen.swift */ = {isa = PBXFileReference; lastKnownFileType = sourcecode.swift; path = ActivityDetailsScreen.swift; sourceTree = "<group>"; };
		505A2AF52B7DC16D00DBF7E6 /* ActivityListTile.swift */ = {isa = PBXFileReference; lastKnownFileType = sourcecode.swift; path = ActivityListTile.swift; sourceTree = "<group>"; };
/* End PBXFileReference section */

/* Begin PBXFrameworksBuildPhase section */
		500F3CF52B7588A300EA6EF1 /* Frameworks */ = {
			isa = PBXFrameworksBuildPhase;
			buildActionMask = 2147483647;
			files = (
			);
			runOnlyForDeploymentPostprocessing = 0;
		};
		500F3D052B7588A400EA6EF1 /* Frameworks */ = {
			isa = PBXFrameworksBuildPhase;
			buildActionMask = 2147483647;
			files = (
			);
			runOnlyForDeploymentPostprocessing = 0;
		};
		500F3D0F2B7588A400EA6EF1 /* Frameworks */ = {
			isa = PBXFrameworksBuildPhase;
			buildActionMask = 2147483647;
			files = (
			);
			runOnlyForDeploymentPostprocessing = 0;
		};
/* End PBXFrameworksBuildPhase section */

/* Begin PBXGroup section */
		316D0DE52B773E1E004B280C /* View */ = {
			isa = PBXGroup;
			children = (
				500F3D252B758BDD00EA6EF1 /* HomeScreen.swift */,
				316D0DED2B77407E004B280C /* ActivityList.swift */,
				500F3D292B758C5D00EA6EF1 /* ActivityDetailsScreen.swift */,
				500A7CBD2B7D3A0900131DDD /* TicketPurchaseForm.swift */,
				500A7CCF2B7D974700131DDD /* RatingView.swift */,
				505A2AF52B7DC16D00DBF7E6 /* ActivityListTile.swift */,
			);
			path = View;
			sourceTree = "<group>";
		};
		316D0DE62B773E28004B280C /* Model */ = {
			isa = PBXGroup;
			children = (
				316D0DE72B773E47004B280C /* Activity.swift */,
				316D0DE92B773E52004B280C /* DataManager.swift */,
				316D0DEB2B773E70004B280C /* City.swift */,
			);
			path = Model;
			sourceTree = "<group>";
		};
		500F3CEF2B7588A300EA6EF1 = {
			isa = PBXGroup;
			children = (
				500F3CFA2B7588A300EA6EF1 /* ExploreCity */,
				500F3D0B2B7588A400EA6EF1 /* ExploreCityTests */,
				500F3D152B7588A400EA6EF1 /* ExploreCityUITests */,
				500F3CF92B7588A300EA6EF1 /* Products */,
			);
			sourceTree = "<group>";
		};
		500F3CF92B7588A300EA6EF1 /* Products */ = {
			isa = PBXGroup;
			children = (
				500F3CF82B7588A300EA6EF1 /* ExploreCity.app */,
				500F3D082B7588A400EA6EF1 /* ExploreCityTests.xctest */,
				500F3D122B7588A400EA6EF1 /* ExploreCityUITests.xctest */,
			);
			name = Products;
			sourceTree = "<group>";
		};
		500F3CFA2B7588A300EA6EF1 /* ExploreCity */ = {
			isa = PBXGroup;
			children = (
				316D0DE62B773E28004B280C /* Model */,
				316D0DE52B773E1E004B280C /* View */,
				500F3CFB2B7588A300EA6EF1 /* ExploreCityApp.swift */,
				500F3CFD2B7588A300EA6EF1 /* ContentView.swift */,
				500F3CFF2B7588A400EA6EF1 /* Assets.xcassets */,
				500F3D012B7588A400EA6EF1 /* Preview Content */,
			);
			path = ExploreCity;
			sourceTree = "<group>";
		};
		500F3D012B7588A400EA6EF1 /* Preview Content */ = {
			isa = PBXGroup;
			children = (
				500F3D022B7588A400EA6EF1 /* Preview Assets.xcassets */,
			);
			path = "Preview Content";
			sourceTree = "<group>";
		};
		500F3D0B2B7588A400EA6EF1 /* ExploreCityTests */ = {
			isa = PBXGroup;
			children = (
				500F3D0C2B7588A400EA6EF1 /* ExploreCityTests.swift */,
			);
			path = ExploreCityTests;
			sourceTree = "<group>";
		};
		500F3D152B7588A400EA6EF1 /* ExploreCityUITests */ = {
			isa = PBXGroup;
			children = (
				500F3D162B7588A400EA6EF1 /* ExploreCityUITests.swift */,
				500F3D182B7588A400EA6EF1 /* ExploreCityUITestsLaunchTests.swift */,
			);
			path = ExploreCityUITests;
			sourceTree = "<group>";
		};
/* End PBXGroup section */

/* Begin PBXNativeTarget section */
		500F3CF72B7588A300EA6EF1 /* ExploreCity */ = {
			isa = PBXNativeTarget;
			buildConfigurationList = 500F3D1C2B7588A400EA6EF1 /* Build configuration list for PBXNativeTarget "ExploreCity" */;
			buildPhases = (
				500F3CF42B7588A300EA6EF1 /* Sources */,
				500F3CF52B7588A300EA6EF1 /* Frameworks */,
				500F3CF62B7588A300EA6EF1 /* Resources */,
			);
			buildRules = (
			);
			dependencies = (
			);
			name = ExploreCity;
			productName = ExploreCity;
			productReference = 500F3CF82B7588A300EA6EF1 /* ExploreCity.app */;
			productType = "com.apple.product-type.application";
		};
		500F3D072B7588A400EA6EF1 /* ExploreCityTests */ = {
			isa = PBXNativeTarget;
			buildConfigurationList = 500F3D1F2B7588A400EA6EF1 /* Build configuration list for PBXNativeTarget "ExploreCityTests" */;
			buildPhases = (
				500F3D042B7588A400EA6EF1 /* Sources */,
				500F3D052B7588A400EA6EF1 /* Frameworks */,
				500F3D062B7588A400EA6EF1 /* Resources */,
			);
			buildRules = (
			);
			dependencies = (
				500F3D0A2B7588A400EA6EF1 /* PBXTargetDependency */,
			);
			name = ExploreCityTests;
			productName = ExploreCityTests;
			productReference = 500F3D082B7588A400EA6EF1 /* ExploreCityTests.xctest */;
			productType = "com.apple.product-type.bundle.unit-test";
		};
		500F3D112B7588A400EA6EF1 /* ExploreCityUITests */ = {
			isa = PBXNativeTarget;
			buildConfigurationList = 500F3D222B7588A400EA6EF1 /* Build configuration list for PBXNativeTarget "ExploreCityUITests" */;
			buildPhases = (
				500F3D0E2B7588A400EA6EF1 /* Sources */,
				500F3D0F2B7588A400EA6EF1 /* Frameworks */,
				500F3D102B7588A400EA6EF1 /* Resources */,
			);
			buildRules = (
			);
			dependencies = (
				500F3D142B7588A400EA6EF1 /* PBXTargetDependency */,
			);
			name = ExploreCityUITests;
			productName = ExploreCityUITests;
			productReference = 500F3D122B7588A400EA6EF1 /* ExploreCityUITests.xctest */;
			productType = "com.apple.product-type.bundle.ui-testing";
		};
/* End PBXNativeTarget section */

/* Begin PBXProject section */
		500F3CF02B7588A300EA6EF1 /* Project object */ = {
			isa = PBXProject;
			attributes = {
				BuildIndependentTargetsInParallel = 1;
				LastSwiftUpdateCheck = 1510;
				LastUpgradeCheck = 1510;
				TargetAttributes = {
					500F3CF72B7588A300EA6EF1 = {
						CreatedOnToolsVersion = 15.1;
					};
					500F3D072B7588A400EA6EF1 = {
						CreatedOnToolsVersion = 15.1;
						TestTargetID = 500F3CF72B7588A300EA6EF1;
					};
					500F3D112B7588A400EA6EF1 = {
						CreatedOnToolsVersion = 15.1;
						TestTargetID = 500F3CF72B7588A300EA6EF1;
					};
				};
			};
			buildConfigurationList = 500F3CF32B7588A300EA6EF1 /* Build configuration list for PBXProject "ExploreCity" */;
			compatibilityVersion = "Xcode 14.0";
			developmentRegion = en;
			hasScannedForEncodings = 0;
			knownRegions = (
				en,
				Base,
			);
			mainGroup = 500F3CEF2B7588A300EA6EF1;
			productRefGroup = 500F3CF92B7588A300EA6EF1 /* Products */;
			projectDirPath = "";
			projectRoot = "";
			targets = (
				500F3CF72B7588A300EA6EF1 /* ExploreCity */,
				500F3D072B7588A400EA6EF1 /* ExploreCityTests */,
				500F3D112B7588A400EA6EF1 /* ExploreCityUITests */,
			);
		};
/* End PBXProject section */

/* Begin PBXResourcesBuildPhase section */
		500F3CF62B7588A300EA6EF1 /* Resources */ = {
			isa = PBXResourcesBuildPhase;
			buildActionMask = 2147483647;
			files = (
				500F3D032B7588A400EA6EF1 /* Preview Assets.xcassets in Resources */,
				500F3D002B7588A400EA6EF1 /* Assets.xcassets in Resources */,
			);
			runOnlyForDeploymentPostprocessing = 0;
		};
		500F3D062B7588A400EA6EF1 /* Resources */ = {
			isa = PBXResourcesBuildPhase;
			buildActionMask = 2147483647;
			files = (
			);
			runOnlyForDeploymentPostprocessing = 0;
		};
		500F3D102B7588A400EA6EF1 /* Resources */ = {
			isa = PBXResourcesBuildPhase;
			buildActionMask = 2147483647;
			files = (
			);
			runOnlyForDeploymentPostprocessing = 0;
		};
/* End PBXResourcesBuildPhase section */

/* Begin PBXSourcesBuildPhase section */
		500F3CF42B7588A300EA6EF1 /* Sources */ = {
			isa = PBXSourcesBuildPhase;
			buildActionMask = 2147483647;
			files = (
				316D0DE82B773E48004B280C /* Activity.swift in Sources */,
				316D0DEA2B773E52004B280C /* DataManager.swift in Sources */,
				500F3CFE2B7588A300EA6EF1 /* ContentView.swift in Sources */,
				500A7CD02B7D974700131DDD /* RatingView.swift in Sources */,
				500A7CBE2B7D3A0900131DDD /* TicketPurchaseForm.swift in Sources */,
				500F3D2A2B758C5D00EA6EF1 /* ActivityDetailsScreen.swift in Sources */,
				500F3CFC2B7588A300EA6EF1 /* ExploreCityApp.swift in Sources */,
				505A2AF62B7DC16D00DBF7E6 /* ActivityListTile.swift in Sources */,
				500F3D262B758BDD00EA6EF1 /* HomeScreen.swift in Sources */,
				316D0DEE2B77407E004B280C /* ActivityList.swift in Sources */,
				316D0DEC2B773E70004B280C /* City.swift in Sources */,
			);
			runOnlyForDeploymentPostprocessing = 0;
		};
		500F3D042B7588A400EA6EF1 /* Sources */ = {
			isa = PBXSourcesBuildPhase;
			buildActionMask = 2147483647;
			files = (
				500F3D0D2B7588A400EA6EF1 /* ExploreCityTests.swift in Sources */,
			);
			runOnlyForDeploymentPostprocessing = 0;
		};
		500F3D0E2B7588A400EA6EF1 /* Sources */ = {
			isa = PBXSourcesBuildPhase;
			buildActionMask = 2147483647;
			files = (
				500F3D172B7588A400EA6EF1 /* ExploreCityUITests.swift in Sources */,
				500F3D192B7588A400EA6EF1 /* ExploreCityUITestsLaunchTests.swift in Sources */,
			);
			runOnlyForDeploymentPostprocessing = 0;
		};
/* End PBXSourcesBuildPhase section */

/* Begin PBXTargetDependency section */
		500F3D0A2B7588A400EA6EF1 /* PBXTargetDependency */ = {
			isa = PBXTargetDependency;
			target = 500F3CF72B7588A300EA6EF1 /* ExploreCity */;
			targetProxy = 500F3D092B7588A400EA6EF1 /* PBXContainerItemProxy */;
		};
		500F3D142B7588A400EA6EF1 /* PBXTargetDependency */ = {
			isa = PBXTargetDependency;
			target = 500F3CF72B7588A300EA6EF1 /* ExploreCity */;
			targetProxy = 500F3D132B7588A400EA6EF1 /* PBXContainerItemProxy */;
		};
/* End PBXTargetDependency section */

/* Begin XCBuildConfiguration section */
		500F3D1A2B7588A400EA6EF1 /* Debug */ = {
			isa = XCBuildConfiguration;
			buildSettings = {
				ALWAYS_SEARCH_USER_PATHS = NO;
				ASSETCATALOG_COMPILER_GENERATE_SWIFT_ASSET_SYMBOL_EXTENSIONS = YES;
				CLANG_ANALYZER_NONNULL = YES;
				CLANG_ANALYZER_NUMBER_OBJECT_CONVERSION = YES_AGGRESSIVE;
				CLANG_CXX_LANGUAGE_STANDARD = "gnu++20";
				CLANG_ENABLE_MODULES = YES;
				CLANG_ENABLE_OBJC_ARC = YES;
				CLANG_ENABLE_OBJC_WEAK = YES;
				CLANG_WARN_BLOCK_CAPTURE_AUTORELEASING = YES;
				CLANG_WARN_BOOL_CONVERSION = YES;
				CLANG_WARN_COMMA = YES;
				CLANG_WARN_CONSTANT_CONVERSION = YES;
				CLANG_WARN_DEPRECATED_OBJC_IMPLEMENTATIONS = YES;
				CLANG_WARN_DIRECT_OBJC_ISA_USAGE = YES_ERROR;
				CLANG_WARN_DOCUMENTATION_COMMENTS = YES;
				CLANG_WARN_EMPTY_BODY = YES;
				CLANG_WARN_ENUM_CONVERSION = YES;
				CLANG_WARN_INFINITE_RECURSION = YES;
				CLANG_WARN_INT_CONVERSION = YES;
				CLANG_WARN_NON_LITERAL_NULL_CONVERSION = YES;
				CLANG_WARN_OBJC_IMPLICIT_RETAIN_SELF = YES;
				CLANG_WARN_OBJC_LITERAL_CONVERSION = YES;
				CLANG_WARN_OBJC_ROOT_CLASS = YES_ERROR;
				CLANG_WARN_QUOTED_INCLUDE_IN_FRAMEWORK_HEADER = YES;
				CLANG_WARN_RANGE_LOOP_ANALYSIS = YES;
				CLANG_WARN_STRICT_PROTOTYPES = YES;
				CLANG_WARN_SUSPICIOUS_MOVE = YES;
				CLANG_WARN_UNGUARDED_AVAILABILITY = YES_AGGRESSIVE;
				CLANG_WARN_UNREACHABLE_CODE = YES;
				CLANG_WARN__DUPLICATE_METHOD_MATCH = YES;
				COPY_PHASE_STRIP = NO;
				DEBUG_INFORMATION_FORMAT = dwarf;
				ENABLE_STRICT_OBJC_MSGSEND = YES;
				ENABLE_TESTABILITY = YES;
				ENABLE_USER_SCRIPT_SANDBOXING = YES;
				GCC_C_LANGUAGE_STANDARD = gnu17;
				GCC_DYNAMIC_NO_PIC = NO;
				GCC_NO_COMMON_BLOCKS = YES;
				GCC_OPTIMIZATION_LEVEL = 0;
				GCC_PREPROCESSOR_DEFINITIONS = (
					"DEBUG=1",
					"$(inherited)",
				);
				GCC_WARN_64_TO_32_BIT_CONVERSION = YES;
				GCC_WARN_ABOUT_RETURN_TYPE = YES_ERROR;
				GCC_WARN_UNDECLARED_SELECTOR = YES;
				GCC_WARN_UNINITIALIZED_AUTOS = YES_AGGRESSIVE;
				GCC_WARN_UNUSED_FUNCTION = YES;
				GCC_WARN_UNUSED_VARIABLE = YES;
				IPHONEOS_DEPLOYMENT_TARGET = 17.2;
				LOCALIZATION_PREFERS_STRING_CATALOGS = YES;
				MTL_ENABLE_DEBUG_INFO = INCLUDE_SOURCE;
				MTL_FAST_MATH = YES;
				ONLY_ACTIVE_ARCH = YES;
				SDKROOT = iphoneos;
				SWIFT_ACTIVE_COMPILATION_CONDITIONS = "DEBUG $(inherited)";
				SWIFT_OPTIMIZATION_LEVEL = "-Onone";
			};
			name = Debug;
		};
		500F3D1B2B7588A400EA6EF1 /* Release */ = {
			isa = XCBuildConfiguration;
			buildSettings = {
				ALWAYS_SEARCH_USER_PATHS = NO;
				ASSETCATALOG_COMPILER_GENERATE_SWIFT_ASSET_SYMBOL_EXTENSIONS = YES;
				CLANG_ANALYZER_NONNULL = YES;
				CLANG_ANALYZER_NUMBER_OBJECT_CONVERSION = YES_AGGRESSIVE;
				CLANG_CXX_LANGUAGE_STANDARD = "gnu++20";
				CLANG_ENABLE_MODULES = YES;
				CLANG_ENABLE_OBJC_ARC = YES;
				CLANG_ENABLE_OBJC_WEAK = YES;
				CLANG_WARN_BLOCK_CAPTURE_AUTORELEASING = YES;
				CLANG_WARN_BOOL_CONVERSION = YES;
				CLANG_WARN_COMMA = YES;
				CLANG_WARN_CONSTANT_CONVERSION = YES;
				CLANG_WARN_DEPRECATED_OBJC_IMPLEMENTATIONS = YES;
				CLANG_WARN_DIRECT_OBJC_ISA_USAGE = YES_ERROR;
				CLANG_WARN_DOCUMENTATION_COMMENTS = YES;
				CLANG_WARN_EMPTY_BODY = YES;
				CLANG_WARN_ENUM_CONVERSION = YES;
				CLANG_WARN_INFINITE_RECURSION = YES;
				CLANG_WARN_INT_CONVERSION = YES;
				CLANG_WARN_NON_LITERAL_NULL_CONVERSION = YES;
				CLANG_WARN_OBJC_IMPLICIT_RETAIN_SELF = YES;
				CLANG_WARN_OBJC_LITERAL_CONVERSION = YES;
				CLANG_WARN_OBJC_ROOT_CLASS = YES_ERROR;
				CLANG_WARN_QUOTED_INCLUDE_IN_FRAMEWORK_HEADER = YES;
				CLANG_WARN_RANGE_LOOP_ANALYSIS = YES;
				CLANG_WARN_STRICT_PROTOTYPES = YES;
				CLANG_WARN_SUSPICIOUS_MOVE = YES;
				CLANG_WARN_UNGUARDED_AVAILABILITY = YES_AGGRESSIVE;
				CLANG_WARN_UNREACHABLE_CODE = YES;
				CLANG_WARN__DUPLICATE_METHOD_MATCH = YES;
				COPY_PHASE_STRIP = NO;
				DEBUG_INFORMATION_FORMAT = "dwarf-with-dsym";
				ENABLE_NS_ASSERTIONS = NO;
				ENABLE_STRICT_OBJC_MSGSEND = YES;
				ENABLE_USER_SCRIPT_SANDBOXING = YES;
				GCC_C_LANGUAGE_STANDARD = gnu17;
				GCC_NO_COMMON_BLOCKS = YES;
				GCC_WARN_64_TO_32_BIT_CONVERSION = YES;
				GCC_WARN_ABOUT_RETURN_TYPE = YES_ERROR;
				GCC_WARN_UNDECLARED_SELECTOR = YES;
				GCC_WARN_UNINITIALIZED_AUTOS = YES_AGGRESSIVE;
				GCC_WARN_UNUSED_FUNCTION = YES;
				GCC_WARN_UNUSED_VARIABLE = YES;
				IPHONEOS_DEPLOYMENT_TARGET = 17.2;
				LOCALIZATION_PREFERS_STRING_CATALOGS = YES;
				MTL_ENABLE_DEBUG_INFO = NO;
				MTL_FAST_MATH = YES;
				SDKROOT = iphoneos;
				SWIFT_COMPILATION_MODE = wholemodule;
				VALIDATE_PRODUCT = YES;
			};
			name = Release;
		};
		500F3D1D2B7588A400EA6EF1 /* Debug */ = {
			isa = XCBuildConfiguration;
			buildSettings = {
				ASSETCATALOG_COMPILER_APPICON_NAME = AppIcon;
				ASSETCATALOG_COMPILER_GLOBAL_ACCENT_COLOR_NAME = AccentColor;
				CODE_SIGN_STYLE = Automatic;
				CURRENT_PROJECT_VERSION = 1;
				DEVELOPMENT_ASSET_PATHS = "\"ExploreCity/Preview Content\"";
				DEVELOPMENT_TEAM = 827JZHP663;
				ENABLE_PREVIEWS = YES;
				GENERATE_INFOPLIST_FILE = YES;
				INFOPLIST_KEY_UIApplicationSceneManifest_Generation = YES;
				INFOPLIST_KEY_UIApplicationSupportsIndirectInputEvents = YES;
				INFOPLIST_KEY_UILaunchScreen_Generation = YES;
				INFOPLIST_KEY_UISupportedInterfaceOrientations_iPad = "UIInterfaceOrientationPortrait UIInterfaceOrientationPortraitUpsideDown UIInterfaceOrientationLandscapeLeft UIInterfaceOrientationLandscapeRight";
				INFOPLIST_KEY_UISupportedInterfaceOrientations_iPhone = "UIInterfaceOrientationPortrait UIInterfaceOrientationLandscapeLeft UIInterfaceOrientationLandscapeRight";
				LD_RUNPATH_SEARCH_PATHS = (
					"$(inherited)",
					"@executable_path/Frameworks",
				);
				MARKETING_VERSION = 1.0;
				PRODUCT_BUNDLE_IDENTIFIER = com.gbc.ExploreCity;
				PRODUCT_NAME = "$(TARGET_NAME)";
				SWIFT_EMIT_LOC_STRINGS = YES;
				SWIFT_VERSION = 5.0;
				TARGETED_DEVICE_FAMILY = "1,2";
			};
			name = Debug;
		};
		500F3D1E2B7588A400EA6EF1 /* Release */ = {
			isa = XCBuildConfiguration;
			buildSettings = {
				ASSETCATALOG_COMPILER_APPICON_NAME = AppIcon;
				ASSETCATALOG_COMPILER_GLOBAL_ACCENT_COLOR_NAME = AccentColor;
				CODE_SIGN_STYLE = Automatic;
				CURRENT_PROJECT_VERSION = 1;
				DEVELOPMENT_ASSET_PATHS = "\"ExploreCity/Preview Content\"";
				DEVELOPMENT_TEAM = 827JZHP663;
				ENABLE_PREVIEWS = YES;
				GENERATE_INFOPLIST_FILE = YES;
				INFOPLIST_KEY_UIApplicationSceneManifest_Generation = YES;
				INFOPLIST_KEY_UIApplicationSupportsIndirectInputEvents = YES;
				INFOPLIST_KEY_UILaunchScreen_Generation = YES;
				INFOPLIST_KEY_UISupportedInterfaceOrientations_iPad = "UIInterfaceOrientationPortrait UIInterfaceOrientationPortraitUpsideDown UIInterfaceOrientationLandscapeLeft UIInterfaceOrientationLandscapeRight";
				INFOPLIST_KEY_UISupportedInterfaceOrientations_iPhone = "UIInterfaceOrientationPortrait UIInterfaceOrientationLandscapeLeft UIInterfaceOrientationLandscapeRight";
				LD_RUNPATH_SEARCH_PATHS = (
					"$(inherited)",
					"@executable_path/Frameworks",
				);
				MARKETING_VERSION = 1.0;
				PRODUCT_BUNDLE_IDENTIFIER = com.gbc.ExploreCity;
				PRODUCT_NAME = "$(TARGET_NAME)";
				SWIFT_EMIT_LOC_STRINGS = YES;
				SWIFT_VERSION = 5.0;
				TARGETED_DEVICE_FAMILY = "1,2";
			};
			name = Release;
		};
		500F3D202B7588A400EA6EF1 /* Debug */ = {
			isa = XCBuildConfiguration;
			buildSettings = {
				ALWAYS_EMBED_SWIFT_STANDARD_LIBRARIES = YES;
				BUNDLE_LOADER = "$(TEST_HOST)";
				CODE_SIGN_STYLE = Automatic;
				CURRENT_PROJECT_VERSION = 1;
				DEVELOPMENT_TEAM = 827JZHP663;
				GENERATE_INFOPLIST_FILE = YES;
				IPHONEOS_DEPLOYMENT_TARGET = 17.2;
				MARKETING_VERSION = 1.0;
				PRODUCT_BUNDLE_IDENTIFIER = com.gbc.ExploreCityTests;
				PRODUCT_NAME = "$(TARGET_NAME)";
				SWIFT_EMIT_LOC_STRINGS = NO;
				SWIFT_VERSION = 5.0;
				TARGETED_DEVICE_FAMILY = "1,2";
				TEST_HOST = "$(BUILT_PRODUCTS_DIR)/ExploreCity.app/$(BUNDLE_EXECUTABLE_FOLDER_PATH)/ExploreCity";
			};
			name = Debug;
		};
		500F3D212B7588A400EA6EF1 /* Release */ = {
			isa = XCBuildConfiguration;
			buildSettings = {
				ALWAYS_EMBED_SWIFT_STANDARD_LIBRARIES = YES;
				BUNDLE_LOADER = "$(TEST_HOST)";
				CODE_SIGN_STYLE = Automatic;
				CURRENT_PROJECT_VERSION = 1;
				DEVELOPMENT_TEAM = 827JZHP663;
				GENERATE_INFOPLIST_FILE = YES;
				IPHONEOS_DEPLOYMENT_TARGET = 17.2;
				MARKETING_VERSION = 1.0;
				PRODUCT_BUNDLE_IDENTIFIER = com.gbc.ExploreCityTests;
				PRODUCT_NAME = "$(TARGET_NAME)";
				SWIFT_EMIT_LOC_STRINGS = NO;
				SWIFT_VERSION = 5.0;
				TARGETED_DEVICE_FAMILY = "1,2";
				TEST_HOST = "$(BUILT_PRODUCTS_DIR)/ExploreCity.app/$(BUNDLE_EXECUTABLE_FOLDER_PATH)/ExploreCity";
			};
			name = Release;
		};
		500F3D232B7588A400EA6EF1 /* Debug */ = {
			isa = XCBuildConfiguration;
			buildSettings = {
				ALWAYS_EMBED_SWIFT_STANDARD_LIBRARIES = YES;
				CODE_SIGN_STYLE = Automatic;
				CURRENT_PROJECT_VERSION = 1;
				DEVELOPMENT_TEAM = 827JZHP663;
				GENERATE_INFOPLIST_FILE = YES;
				MARKETING_VERSION = 1.0;
				PRODUCT_BUNDLE_IDENTIFIER = com.gbc.ExploreCityUITests;
				PRODUCT_NAME = "$(TARGET_NAME)";
				SWIFT_EMIT_LOC_STRINGS = NO;
				SWIFT_VERSION = 5.0;
				TARGETED_DEVICE_FAMILY = "1,2";
				TEST_TARGET_NAME = ExploreCity;
			};
			name = Debug;
		};
		500F3D242B7588A400EA6EF1 /* Release */ = {
			isa = XCBuildConfiguration;
			buildSettings = {
				ALWAYS_EMBED_SWIFT_STANDARD_LIBRARIES = YES;
				CODE_SIGN_STYLE = Automatic;
				CURRENT_PROJECT_VERSION = 1;
				DEVELOPMENT_TEAM = 827JZHP663;
				GENERATE_INFOPLIST_FILE = YES;
				MARKETING_VERSION = 1.0;
				PRODUCT_BUNDLE_IDENTIFIER = com.gbc.ExploreCityUITests;
				PRODUCT_NAME = "$(TARGET_NAME)";
				SWIFT_EMIT_LOC_STRINGS = NO;
				SWIFT_VERSION = 5.0;
				TARGETED_DEVICE_FAMILY = "1,2";
				TEST_TARGET_NAME = ExploreCity;
			};
			name = Release;
		};
/* End XCBuildConfiguration section */

/* Begin XCConfigurationList section */
		500F3CF32B7588A300EA6EF1 /* Build configuration list for PBXProject "ExploreCity" */ = {
			isa = XCConfigurationList;
			buildConfigurations = (
				500F3D1A2B7588A400EA6EF1 /* Debug */,
				500F3D1B2B7588A400EA6EF1 /* Release */,
			);
			defaultConfigurationIsVisible = 0;
			defaultConfigurationName = Release;
		};
		500F3D1C2B7588A400EA6EF1 /* Build configuration list for PBXNativeTarget "ExploreCity" */ = {
			isa = XCConfigurationList;
			buildConfigurations = (
				500F3D1D2B7588A400EA6EF1 /* Debug */,
				500F3D1E2B7588A400EA6EF1 /* Release */,
			);
			defaultConfigurationIsVisible = 0;
			defaultConfigurationName = Release;
		};
		500F3D1F2B7588A400EA6EF1 /* Build configuration list for PBXNativeTarget "ExploreCityTests" */ = {
			isa = XCConfigurationList;
			buildConfigurations = (
				500F3D202B7588A400EA6EF1 /* Debug */,
				500F3D212B7588A400EA6EF1 /* Release */,
			);
			defaultConfigurationIsVisible = 0;
			defaultConfigurationName = Release;
		};
		500F3D222B7588A400EA6EF1 /* Build configuration list for PBXNativeTarget "ExploreCityUITests" */ = {
			isa = XCConfigurationList;
			buildConfigurations = (
				500F3D232B7588A400EA6EF1 /* Debug */,
				500F3D242B7588A400EA6EF1 /* Release */,
			);
			defaultConfigurationIsVisible = 0;
			defaultConfigurationName = Release;
		};
/* End XCConfigurationList section */
	};
	rootObject = 500F3CF02B7588A300EA6EF1 /* Project object */;
}
